version = 1
requires-python = ">=3.13"

[[package]]
name = "liteparse"
version = "2.0.4"
source = { registry = "https://pypi.org/simple" }
sdist = { url = "https://files.pythonhosted.org/packages/0d/e7/ecf68643604a59247a0a7b2f8c73bee7415ea99e0165bb32e2838ddd0d3f/liteparse-2.0.4.tar.gz", hash = "sha256:17f6119f38e80b956c1ce3dc998ea7b0a8e80777ce1f49178f2b14bb17b35a9c", size = 115487 }
wheels = [
    { url = "https://files.pythonhosted.org/packages/6e/b5/02ed5fff6418fdc970688190eab4470f4f9c116f4de1e39a7deea0d9968a/liteparse-2.0.4-cp313-cp313-macosx_11_0_arm64.whl", hash = "sha256:8f02c6e0d8f71da671a3527d52d8f1e2c42fddebf81d1b4931c3d035e4ec1e6a", size = 11025231 },
    { url = "https://files.pythonhosted.org/packages/be/d7/b4633483502940d43d583f8057e0aed68b9091087a86d021f8bd7558ba0b/liteparse-2.0.4-cp313-cp313-manylinux_2_28_aarch64.whl", hash = "sha256:924e3f669341e22e625b13d08535644d1dfd779bc6781e4ab6f6e54ea90a53d6", size = 13022754 },
    { url = "https://files.pythonhosted.org/packages/8a/e0/3938561ad66d4a216922c8e1e6a878f63df82ce5f00f15a935f779fb7c5b/liteparse-2.0.4-cp313-cp313-manylinux_2_28_x86_64.whl", hash = "sha256:137f169002f3abe21e3dd2e6781fbd86841096a0f3b0162afc1fd64eb21fa607", size = 13146432 },
    { url = "https://files.pythonhosted.org/packages/e6/7f/a2017df8031677d7940ad1ce33640219aa28defae4a8171844ea8bed68ca/liteparse-2.0.4-cp313-cp313-win_amd64.whl", hash = "sha256:098fba3ecb2337f78426d9e077d1f70bc75871d4387ab8c3774b0cc5d26b890d", size = 11116383 },
    { url = "https://files.pythonhosted.org/packages/59/63/b2bb03bc30103e93c87695f63eae3ed007b08796a6cc06ea29acace54c4a/liteparse-2.0.4-cp314-cp314-macosx_11_0_arm64.whl", hash = "sha256:8aeaf821151aaaa854294f3499d64264dbea7d10e682fa9a2443f9177cd444c6", size = 11024196 },
    { url = "https://files.pythonhosted.org/packages/b9/c1/6dedc6b4325aa8de3249694123a74bc9506e0d65a28c85aa5fad4bfdea5c/liteparse-2.0.4-cp314-cp314-manylinux_2_28_aarch64.whl", hash = "sha256:d2efbaf7453d2bedc86db51b2b808078567817d7fc537122389b65a317927902", size = 13022936 },
    { url = "https://files.pythonhosted.org/packages/7a/04/7e7c3a8edd01c9904b6eef76bf4a008f987a5df64b8334c61e742861ac84/liteparse-2.0.4-cp314-cp314-manylinux_2_28_x86_64.whl", hash = "sha256:34c53d9cefa35f77dc67a19a875e6dca32b4f35006c2015a22eb30c9c810653b", size = 13146821 },
    { url = "https://files.pythonhosted.org/packages/66/f4/da191e881cad5941dc0065782497eb81027bc3f48ac0a3143deab094be33/liteparse-2.0.4-cp314-cp314-win_amd64.whl", hash = "sha256:6546ee0359dc56eebd9f45008bb59708118c234140ecf466f6c7121d9161d9e4", size = 11114558 },
    { url = "https://files.pythonhosted.org/packages/16/59/c554f376c0bdd1bf4c313ac5d77a34817740f021ab6ada9d3226a23fa4b6/liteparse-2.0.4-cp315-cp315-manylinux_2_28_aarch64.whl", hash = "sha256:7c02d0bb31cd5aefa3297ce6e58388abd6f3e109c62ac0fdeef07d8eac4b769e", size = 13023454 },
    { url = "https://files.pythonhosted.org/packages/89/96/04c595ab45162d81bc73218870d1459560428c3f40957e594a6c1c5ea2be/liteparse-2.0.4-cp315-cp315-manylinux_2_28_x86_64.whl", hash = "sha256:acdf3c76cb3215f8d389a935b6b68007fac2ffa9ce0b681dd53650b69d580521", size = 13146859 },
]

[[package]]
name = "liteparse-yt"
version = "0.1.0"
source = { virtual = "." }
dependencies = [
    { name = "liteparse" },
]

[package.metadata]
requires-dist = [{ name = "liteparse", specifier = ">=2.0.4" }]
